{
  "name": "library",
  "version": "1.0.0",
  "lockfileVersion": 1,
  "requires": true,
  "dependencies": {
    "@milfagirl/ajs": {
      "version": "1.0.0",
      "resolved": "https://npm.pkg.github.com/download/@milfagirl/ajs/1.0.0/42f3ba0977f8808d17ef48f0b671ac6fa6167ba93804e41aa50d2832bd45726c",
      "integrity": "sha512-MQ24yQgwOKwPl5LXuEWk0gY+krXUW1pm2p8zoWQpTbaCHKRkp5o2BZVMsCP//Odf7OQ2dq1XuWoRqVl/yG8Zjg=="
    }
  }
}
